// !$*UTF8*$!
{
	archiveVersion = 1;
	classes = {
	};
	objectVersion = 46;
	objects = {

/* Begin PBXBuildFile section */
		2A2DD1911D999E3C009A0C67 /* CalendarColor.swift in Sources */ = {isa = PBXBuildFile; fileRef = 2A2DD1901D999E3C009A0C67 /* CalendarColor.swift */; };
		2A2DD1931D99A10C009A0C67 /* Constraint.swift in Sources */ = {isa = PBXBuildFile; fileRef = 2A2DD1921D99A10C009A0C67 /* Constraint.swift */; };
		65C026E97BC20B163F31CF67 /* Pods_GreenTech.framework in Frameworks */ = {isa = PBXBuildFile; fileRef = B7513AF526E44C72007785ED /* Pods_GreenTech.framework */; };
		CA11C5651DA2E1C9003183B4 /* Charts.framework in Frameworks */ = {isa = PBXBuildFile; fileRef = CA11C5601DA2E1B4003183B4 /* Charts.framework */; };
		CA11C5661DA2E1C9003183B4 /* Charts.framework in Embed Frameworks */ = {isa = PBXBuildFile; fileRef = CA11C5601DA2E1B4003183B4 /* Charts.framework */; settings = {ATTRIBUTES = (CodeSignOnCopy, RemoveHeadersOnCopy, ); }; };
		CA4CAB531D94C637006F8119 /* ViewBorderExtencion.swift in Sources */ = {isa = PBXBuildFile; fileRef = CA4CAB521D94C637006F8119 /* ViewBorderExtencion.swift */; };
		CA5B7E9A1DA5892F00F66A6F /* BottonCornerView.swift in Sources */ = {isa = PBXBuildFile; fileRef = CA5B7E991DA5892F00F66A6F /* BottonCornerView.swift */; };
		CA831B2E1DA6D5C8003B64AE /* MonthInfo.swift in Sources */ = {isa = PBXBuildFile; fileRef = CA831B2D1DA6D5C8003B64AE /* MonthInfo.swift */; };
		CAF3D5631D9D84D8006A879C /* MilkViewController.swift in Sources */ = {isa = PBXBuildFile; fileRef = CAF3D5621D9D84D8006A879C /* MilkViewController.swift */; };
		CAF3D5651D9DA8A2006A879C /* GraphicsTableViewCell.swift in Sources */ = {isa = PBXBuildFile; fileRef = CAF3D5641D9DA8A2006A879C /* GraphicsTableViewCell.swift */; };
		CAF3D58B1D9EF3D1006A879C /* ChartsViewController.swift in Sources */ = {isa = PBXBuildFile; fileRef = CAF3D58A1D9EF3D1006A879C /* ChartsViewController.swift */; };
		D15C04121D81EBC300871F52 /* FirebaseService.swift in Sources */ = {isa = PBXBuildFile; fileRef = D15C04111D81EBC300871F52 /* FirebaseService.swift */; };
		D15C04141D81EBEC00871F52 /* SaveImageViewController.swift in Sources */ = {isa = PBXBuildFile; fileRef = D15C04131D81EBEC00871F52 /* SaveImageViewController.swift */; };
		D161EF531D90E58400004ED8 /* SettingsViewController.swift in Sources */ = {isa = PBXBuildFile; fileRef = D161EF521D90E58400004ED8 /* SettingsViewController.swift */; };
		D18FE3071D8E35F700245845 /* VerifyConnection.swift in Sources */ = {isa = PBXBuildFile; fileRef = D18FE3061D8E35F700245845 /* VerifyConnection.swift */; };
		D18FE30D1D8F062000245845 /* CalendarMilkViewController.swift in Sources */ = {isa = PBXBuildFile; fileRef = D18FE30C1D8F062000245845 /* CalendarMilkViewController.swift */; };
		D195275D1D5CE3C70031BF13 /* SQLCoordinator.swift in Sources */ = {isa = PBXBuildFile; fileRef = D19527581D5CE3C70031BF13 /* SQLCoordinator.swift */; };
		D195275E1D5CE3C70031BF13 /* DatabaseManager.swift in Sources */ = {isa = PBXBuildFile; fileRef = D19527591D5CE3C70031BF13 /* DatabaseManager.swift */; };
		D195275F1D5CE3C70031BF13 /* DataCD.swift in Sources */ = {isa = PBXBuildFile; fileRef = D195275A1D5CE3C70031BF13 /* DataCD.swift */; };
		D19527601D5CE3C70031BF13 /* DataDAO.swift in Sources */ = {isa = PBXBuildFile; fileRef = D195275B1D5CE3C70031BF13 /* DataDAO.swift */; };
		D19527611D5CE3C70031BF13 /* DataServices.swift in Sources */ = {isa = PBXBuildFile; fileRef = D195275C1D5CE3C70031BF13 /* DataServices.swift */; };
		D19562F71D623BDE00D9727E /* GoogleService-Info.plist in Resources */ = {isa = PBXBuildFile; fileRef = D19562F61D623BDE00D9727E /* GoogleService-Info.plist */; };
		D1B9C1A01D81EDA900D2C20E /* UIImageExtension.swift in Sources */ = {isa = PBXBuildFile; fileRef = D1B9C19F1D81EDA900D2C20E /* UIImageExtension.swift */; };
		D1C1733F1D81D29800230D31 /* CreateAccountViewController.swift in Sources */ = {isa = PBXBuildFile; fileRef = D1C1733E1D81D29800230D31 /* CreateAccountViewController.swift */; };
		D1DA48311D5A5BCE00D74063 /* AppDelegate.swift in Sources */ = {isa = PBXBuildFile; fileRef = D1DA48301D5A5BCE00D74063 /* AppDelegate.swift */; };
		D1DA48331D5A5BCE00D74063 /* AuthenticationViewController.swift in Sources */ = {isa = PBXBuildFile; fileRef = D1DA48321D5A5BCE00D74063 /* AuthenticationViewController.swift */; };
		D1DA48361D5A5BCE00D74063 /* Main.storyboard in Resources */ = {isa = PBXBuildFile; fileRef = D1DA48341D5A5BCE00D74063 /* Main.storyboard */; };
		D1DA48391D5A5BCE00D74063 /* GreenTech.xcdatamodeld in Sources */ = {isa = PBXBuildFile; fileRef = D1DA48371D5A5BCE00D74063 /* GreenTech.xcdatamodeld */; };
		D1DA483B1D5A5BCE00D74063 /* Assets.xcassets in Resources */ = {isa = PBXBuildFile; fileRef = D1DA483A1D5A5BCE00D74063 /* Assets.xcassets */; };
		D1DA483E1D5A5BCE00D74063 /* LaunchScreen.storyboard in Resources */ = {isa = PBXBuildFile; fileRef = D1DA483C1D5A5BCE00D74063 /* LaunchScreen.storyboard */; };
		D1E66AF21D8D9302007D1A10 /* MilkInfo.swift in Sources */ = {isa = PBXBuildFile; fileRef = D1E66AF11D8D9302007D1A10 /* MilkInfo.swift */; };
		D1E66AF41D8D93F2007D1A10 /* MilkTableViewCell.swift in Sources */ = {isa = PBXBuildFile; fileRef = D1E66AF31D8D93F2007D1A10 /* MilkTableViewCell.swift */; };
		D1E9C3B21D5E3E9800A45FC7 /* LoginCD.swift in Sources */ = {isa = PBXBuildFile; fileRef = D1E9C3AF1D5E3E9800A45FC7 /* LoginCD.swift */; };
		D1E9C3B31D5E3E9800A45FC7 /* LoginDAO.swift in Sources */ = {isa = PBXBuildFile; fileRef = D1E9C3B01D5E3E9800A45FC7 /* LoginDAO.swift */; };
		D1E9C3B41D5E3E9800A45FC7 /* LoginServices.swift in Sources */ = {isa = PBXBuildFile; fileRef = D1E9C3B11D5E3E9800A45FC7 /* LoginServices.swift */; };
		D1E9C3B81D5E62B100A45FC7 /* ResetPasswordViewController.swift in Sources */ = {isa = PBXBuildFile; fileRef = D1E9C3B71D5E62B100A45FC7 /* ResetPasswordViewController.swift */; };
/* End PBXBuildFile section */

/* Begin PBXContainerItemProxy section */
		CA11C55F1DA2E1B4003183B4 /* PBXContainerItemProxy */ = {
			isa = PBXContainerItemProxy;
			containerPortal = CA11C5591DA2E1B4003183B4 /* Charts.xcodeproj */;
			proxyType = 2;
			remoteGlobalIDString = 06165F241D8110E600722320;
			remoteInfo = Charts;
		};
		CA11C5611DA2E1B4003183B4 /* PBXContainerItemProxy */ = {
			isa = PBXContainerItemProxy;
			containerPortal = CA11C5591DA2E1B4003183B4 /* Charts.xcodeproj */;
			proxyType = 2;
			remoteGlobalIDString = 06B120D51D811E6200D14B02;
			remoteInfo = ChartsRealm;
		};
		CA11C5631DA2E1B4003183B4 /* PBXContainerItemProxy */ = {
			isa = PBXContainerItemProxy;
			containerPortal = CA11C5591DA2E1B4003183B4 /* Charts.xcodeproj */;
			proxyType = 2;
			remoteGlobalIDString = 06165F2E1D8110E600722320;
			remoteInfo = ChartsTests;
		};
		CA11C5671DA2E1C9003183B4 /* PBXContainerItemProxy */ = {
			isa = PBXContainerItemProxy;
			containerPortal = CA11C5591DA2E1B4003183B4 /* Charts.xcodeproj */;
			proxyType = 1;
			remoteGlobalIDString = 06165F231D8110E600722320;
			remoteInfo = Charts;
		};
/* End PBXContainerItemProxy section */

/* Begin PBXCopyFilesBuildPhase section */
		CAF3D5871D9EF287006A879C /* Embed Frameworks */ = {
			isa = PBXCopyFilesBuildPhase;
			buildActionMask = 2147483647;
			dstPath = "";
			dstSubfolderSpec = 10;
			files = (
				CA11C5661DA2E1C9003183B4 /* Charts.framework in Embed Frameworks */,
			);
			name = "Embed Frameworks";
			runOnlyForDeploymentPostprocessing = 0;
		};
/* End PBXCopyFilesBuildPhase section */

/* Begin PBXFileReference section */
		0ACECEEA9C0FC972EA11C19E /* Pods-GreenTechTests.release.xcconfig */ = {isa = PBXFileReference; includeInIndex = 1; lastKnownFileType = text.xcconfig; name = "Pods-GreenTechTests.release.xcconfig"; path = "Pods/Target Support Files/Pods-GreenTechTests/Pods-GreenTechTests.release.xcconfig"; sourceTree = "<group>"; };
		23EB1C8214EF2D61D2E7F4ED /* Pods-GreenTech.release.xcconfig */ = {isa = PBXFileReference; includeInIndex = 1; lastKnownFileType = text.xcconfig; name = "Pods-GreenTech.release.xcconfig"; path = "Pods/Target Support Files/Pods-GreenTech/Pods-GreenTech.release.xcconfig"; sourceTree = "<group>"; };
		2A2DD1901D999E3C009A0C67 /* CalendarColor.swift */ = {isa = PBXFileReference; fileEncoding = 4; lastKnownFileType = sourcecode.swift; path = CalendarColor.swift; sourceTree = "<group>"; };
		2A2DD1921D99A10C009A0C67 /* Constraint.swift */ = {isa = PBXFileReference; fileEncoding = 4; lastKnownFileType = sourcecode.swift; path = Constraint.swift; sourceTree = "<group>"; };
		40105BD8BBC45C9D0B931069 /* Pods-GreenTechTests.debug.xcconfig */ = {isa = PBXFileReference; includeInIndex = 1; lastKnownFileType = text.xcconfig; name = "Pods-GreenTechTests.debug.xcconfig"; path = "Pods/Target Support Files/Pods-GreenTechTests/Pods-GreenTechTests.debug.xcconfig"; sourceTree = "<group>"; };
		53699D72CAF44B318E870378 /* Pods-GreenTech.release.xcconfig */ = {isa = PBXFileReference; includeInIndex = 1; lastKnownFileType = text.xcconfig; name = "Pods-GreenTech.release.xcconfig"; path = "Pods/Target Support Files/Pods-GreenTech/Pods-GreenTech.release.xcconfig"; sourceTree = "<group>"; };
		7541184797EF68EB887B4044 /* Pods-GreenTech.debug.xcconfig */ = {isa = PBXFileReference; includeInIndex = 1; lastKnownFileType = text.xcconfig; name = "Pods-GreenTech.debug.xcconfig"; path = "Pods/Target Support Files/Pods-GreenTech/Pods-GreenTech.debug.xcconfig"; sourceTree = "<group>"; };
		8015018BD5E1EB531D216D6D /* Pods_GreenTechTests.framework */ = {isa = PBXFileReference; explicitFileType = wrapper.framework; includeInIndex = 0; path = Pods_GreenTechTests.framework; sourceTree = BUILT_PRODUCTS_DIR; };
		B7513AF526E44C72007785ED /* Pods_GreenTech.framework */ = {isa = PBXFileReference; explicitFileType = wrapper.framework; includeInIndex = 0; path = Pods_GreenTech.framework; sourceTree = BUILT_PRODUCTS_DIR; };
		C604DB6A3CD40524A368C289 /* Pods-GreenTechTests.debug.xcconfig */ = {isa = PBXFileReference; includeInIndex = 1; lastKnownFileType = text.xcconfig; name = "Pods-GreenTechTests.debug.xcconfig"; path = "Pods/Target Support Files/Pods-GreenTechTests/Pods-GreenTechTests.debug.xcconfig"; sourceTree = "<group>"; };
		CA11C5591DA2E1B4003183B4 /* Charts.xcodeproj */ = {isa = PBXFileReference; lastKnownFileType = "wrapper.pb-project"; name = Charts.xcodeproj; path = "Charts-master/Charts.xcodeproj"; sourceTree = SOURCE_ROOT; };
		CA4CAB521D94C637006F8119 /* ViewBorderExtencion.swift */ = {isa = PBXFileReference; fileEncoding = 4; lastKnownFileType = sourcecode.swift; path = ViewBorderExtencion.swift; sourceTree = "<group>"; };
		CA5B7E991DA5892F00F66A6F /* BottonCornerView.swift */ = {isa = PBXFileReference; fileEncoding = 4; lastKnownFileType = sourcecode.swift; path = BottonCornerView.swift; sourceTree = "<group>"; };
		CA831B2D1DA6D5C8003B64AE /* MonthInfo.swift */ = {isa = PBXFileReference; fileEncoding = 4; lastKnownFileType = sourcecode.swift; path = MonthInfo.swift; sourceTree = "<group>"; };
		CAF3D5621D9D84D8006A879C /* MilkViewController.swift */ = {isa = PBXFileReference; fileEncoding = 4; lastKnownFileType = sourcecode.swift; path = MilkViewController.swift; sourceTree = "<group>"; };
		CAF3D5641D9DA8A2006A879C /* GraphicsTableViewCell.swift */ = {isa = PBXFileReference; fileEncoding = 4; lastKnownFileType = sourcecode.swift; path = GraphicsTableViewCell.swift; sourceTree = "<group>"; };
		CAF3D58A1D9EF3D1006A879C /* ChartsViewController.swift */ = {isa = PBXFileReference; fileEncoding = 4; lastKnownFileType = sourcecode.swift; path = ChartsViewController.swift; sourceTree = "<group>"; };
		D15C04111D81EBC300871F52 /* FirebaseService.swift */ = {isa = PBXFileReference; fileEncoding = 4; lastKnownFileType = sourcecode.swift; path = FirebaseService.swift; sourceTree = "<group>"; };
		D15C04131D81EBEC00871F52 /* SaveImageViewController.swift */ = {isa = PBXFileReference; fileEncoding = 4; lastKnownFileType = sourcecode.swift; path = SaveImageViewController.swift; sourceTree = "<group>"; };
		D161EF521D90E58400004ED8 /* SettingsViewController.swift */ = {isa = PBXFileReference; fileEncoding = 4; lastKnownFileType = sourcecode.swift; path = SettingsViewController.swift; sourceTree = "<group>"; };
		D16A5AC91D8DA905009E2A94 /* GreenTech.entitlements */ = {isa = PBXFileReference; lastKnownFileType = text.plist.entitlements; path = GreenTech.entitlements; sourceTree = "<group>"; };
		D18FE3061D8E35F700245845 /* VerifyConnection.swift */ = {isa = PBXFileReference; fileEncoding = 4; lastKnownFileType = sourcecode.swift; path = VerifyConnection.swift; sourceTree = "<group>"; };
		D18FE30C1D8F062000245845 /* CalendarMilkViewController.swift */ = {isa = PBXFileReference; fileEncoding = 4; lastKnownFileType = sourcecode.swift; path = CalendarMilkViewController.swift; sourceTree = "<group>"; };
		D19527581D5CE3C70031BF13 /* SQLCoordinator.swift */ = {isa = PBXFileReference; fileEncoding = 4; lastKnownFileType = sourcecode.swift; path = SQLCoordinator.swift; sourceTree = "<group>"; };
		D19527591D5CE3C70031BF13 /* DatabaseManager.swift */ = {isa = PBXFileReference; fileEncoding = 4; lastKnownFileType = sourcecode.swift; path = DatabaseManager.swift; sourceTree = "<group>"; };
		D195275A1D5CE3C70031BF13 /* DataCD.swift */ = {isa = PBXFileReference; fileEncoding = 4; lastKnownFileType = sourcecode.swift; path = DataCD.swift; sourceTree = "<group>"; };
		D195275B1D5CE3C70031BF13 /* DataDAO.swift */ = {isa = PBXFileReference; fileEncoding = 4; lastKnownFileType = sourcecode.swift; path = DataDAO.swift; sourceTree = "<group>"; };
		D195275C1D5CE3C70031BF13 /* DataServices.swift */ = {isa = PBXFileReference; fileEncoding = 4; lastKnownFileType = sourcecode.swift; path = DataServices.swift; sourceTree = "<group>"; };
		D19562F61D623BDE00D9727E /* GoogleService-Info.plist */ = {isa = PBXFileReference; fileEncoding = 4; lastKnownFileType = text.plist.xml; path = "GoogleService-Info.plist"; sourceTree = "<group>"; };
		D1B9C19F1D81EDA900D2C20E /* UIImageExtension.swift */ = {isa = PBXFileReference; fileEncoding = 4; lastKnownFileType = sourcecode.swift; path = UIImageExtension.swift; sourceTree = "<group>"; };
		D1C1733E1D81D29800230D31 /* CreateAccountViewController.swift */ = {isa = PBXFileReference; fileEncoding = 4; lastKnownFileType = sourcecode.swift; path = CreateAccountViewController.swift; sourceTree = "<group>"; };
		D1DA482D1D5A5BCE00D74063 /* GreenTech.app */ = {isa = PBXFileReference; explicitFileType = wrapper.application; includeInIndex = 0; path = GreenTech.app; sourceTree = BUILT_PRODUCTS_DIR; };
		D1DA48301D5A5BCE00D74063 /* AppDelegate.swift */ = {isa = PBXFileReference; lastKnownFileType = sourcecode.swift; path = AppDelegate.swift; sourceTree = "<group>"; };
		D1DA48321D5A5BCE00D74063 /* AuthenticationViewController.swift */ = {isa = PBXFileReference; lastKnownFileType = sourcecode.swift; path = AuthenticationViewController.swift; sourceTree = "<group>"; };
		D1DA48351D5A5BCE00D74063 /* Base */ = {isa = PBXFileReference; lastKnownFileType = file.storyboard; name = Base; path = Base.lproj/Main.storyboard; sourceTree = "<group>"; };
		D1DA48381D5A5BCE00D74063 /* GreenTech.xcdatamodel */ = {isa = PBXFileReference; lastKnownFileType = wrapper.xcdatamodel; path = GreenTech.xcdatamodel; sourceTree = "<group>"; };
		D1DA483A1D5A5BCE00D74063 /* Assets.xcassets */ = {isa = PBXFileReference; lastKnownFileType = folder.assetcatalog; path = Assets.xcassets; sourceTree = "<group>"; };
		D1DA483D1D5A5BCE00D74063 /* Base */ = {isa = PBXFileReference; lastKnownFileType = file.storyboard; name = Base; path = Base.lproj/LaunchScreen.storyboard; sourceTree = "<group>"; };
		D1DA483F1D5A5BCE00D74063 /* Info.plist */ = {isa = PBXFileReference; lastKnownFileType = text.plist.xml; path = Info.plist; sourceTree = "<group>"; };
		D1DA484A1D5A5BCE00D74063 /* Info.plist */ = {isa = PBXFileReference; lastKnownFileType = text.plist.xml; path = Info.plist; sourceTree = "<group>"; };
		D1E66AF11D8D9302007D1A10 /* MilkInfo.swift */ = {isa = PBXFileReference; fileEncoding = 4; lastKnownFileType = sourcecode.swift; path = MilkInfo.swift; sourceTree = "<group>"; };
		D1E66AF31D8D93F2007D1A10 /* MilkTableViewCell.swift */ = {isa = PBXFileReference; fileEncoding = 4; lastKnownFileType = sourcecode.swift; path = MilkTableViewCell.swift; sourceTree = "<group>"; };
		D1E9C3AF1D5E3E9800A45FC7 /* LoginCD.swift */ = {isa = PBXFileReference; fileEncoding = 4; lastKnownFileType = sourcecode.swift; path = LoginCD.swift; sourceTree = "<group>"; };
		D1E9C3B01D5E3E9800A45FC7 /* LoginDAO.swift */ = {isa = PBXFileReference; fileEncoding = 4; lastKnownFileType = sourcecode.swift; path = LoginDAO.swift; sourceTree = "<group>"; };
		D1E9C3B11D5E3E9800A45FC7 /* LoginServices.swift */ = {isa = PBXFileReference; fileEncoding = 4; lastKnownFileType = sourcecode.swift; path = LoginServices.swift; sourceTree = "<group>"; };
		D1E9C3B71D5E62B100A45FC7 /* ResetPasswordViewController.swift */ = {isa = PBXFileReference; fileEncoding = 4; lastKnownFileType = sourcecode.swift; path = ResetPasswordViewController.swift; sourceTree = "<group>"; };
		D9A48A3890B3E753C76815E8 /* Pods-GreenTech.debug.xcconfig */ = {isa = PBXFileReference; includeInIndex = 1; lastKnownFileType = text.xcconfig; name = "Pods-GreenTech.debug.xcconfig"; path = "Pods/Target Support Files/Pods-GreenTech/Pods-GreenTech.debug.xcconfig"; sourceTree = "<group>"; };
		EC8AB619D4772B327DB4F814 /* Pods-GreenTechTests.release.xcconfig */ = {isa = PBXFileReference; includeInIndex = 1; lastKnownFileType = text.xcconfig; name = "Pods-GreenTechTests.release.xcconfig"; path = "Pods/Target Support Files/Pods-GreenTechTests/Pods-GreenTechTests.release.xcconfig"; sourceTree = "<group>"; };
/* End PBXFileReference section */

/* Begin PBXFrameworksBuildPhase section */
		D1DA482A1D5A5BCE00D74063 /* Frameworks */ = {
			isa = PBXFrameworksBuildPhase;
			buildActionMask = 2147483647;
			files = (
				65C026E97BC20B163F31CF67 /* Pods_GreenTech.framework in Frameworks */,
				CA11C5651DA2E1C9003183B4 /* Charts.framework in Frameworks */,
			);
			runOnlyForDeploymentPostprocessing = 0;
		};
/* End PBXFrameworksBuildPhase section */

/* Begin PBXGroup section */
		28CE277521F4D5D468D541F4 /* Pods */ = {
			isa = PBXGroup;
			children = (
				7541184797EF68EB887B4044 /* Pods-GreenTech.debug.xcconfig */,
				23EB1C8214EF2D61D2E7F4ED /* Pods-GreenTech.release.xcconfig */,
				C604DB6A3CD40524A368C289 /* Pods-GreenTechTests.debug.xcconfig */,
				0ACECEEA9C0FC972EA11C19E /* Pods-GreenTechTests.release.xcconfig */,
			);
			name = Pods;
			sourceTree = "<group>";
		};
		60C24DBFCF50667C8AB10706 /* Pods */ = {
			isa = PBXGroup;
			children = (
				D9A48A3890B3E753C76815E8 /* Pods-GreenTech.debug.xcconfig */,
				53699D72CAF44B318E870378 /* Pods-GreenTech.release.xcconfig */,
				40105BD8BBC45C9D0B931069 /* Pods-GreenTechTests.debug.xcconfig */,
				EC8AB619D4772B327DB4F814 /* Pods-GreenTechTests.release.xcconfig */,
			);
			name = Pods;
			path = ..;
			sourceTree = "<group>";
		};
		A85F6AA249F007A07BFA9681 /* Frameworks */ = {
			isa = PBXGroup;
			children = (
				B7513AF526E44C72007785ED /* Pods_GreenTech.framework */,
				8015018BD5E1EB531D216D6D /* Pods_GreenTechTests.framework */,
			);
			name = Frameworks;
			sourceTree = "<group>";
		};
		CA11C55A1DA2E1B4003183B4 /* Products */ = {
			isa = PBXGroup;
			children = (
				CA11C5601DA2E1B4003183B4 /* Charts.framework */,
				CA11C5621DA2E1B4003183B4 /* ChartsRealm.framework */,
				CA11C5641DA2E1B4003183B4 /* ChartsTests.xctest */,
			);
			name = Products;
			sourceTree = "<group>";
		};
		D19527571D5CE3AF0031BF13 /* Persistance */ = {
			isa = PBXGroup;
			children = (
				D15C04111D81EBC300871F52 /* FirebaseService.swift */,
				D19527581D5CE3C70031BF13 /* SQLCoordinator.swift */,
				D19527591D5CE3C70031BF13 /* DatabaseManager.swift */,
				D195275A1D5CE3C70031BF13 /* DataCD.swift */,
				D195275B1D5CE3C70031BF13 /* DataDAO.swift */,
				D195275C1D5CE3C70031BF13 /* DataServices.swift */,
				D1E9C3AF1D5E3E9800A45FC7 /* LoginCD.swift */,
				D1E9C3B01D5E3E9800A45FC7 /* LoginDAO.swift */,
				D1E9C3B11D5E3E9800A45FC7 /* LoginServices.swift */,
			);
			name = Persistance;
			sourceTree = "<group>";
		};
		D19527621D5CE4A20031BF13 /* Resources */ = {
			isa = PBXGroup;
			children = (
				D1DA48301D5A5BCE00D74063 /* AppDelegate.swift */,
				D1DA483A1D5A5BCE00D74063 /* Assets.xcassets */,
				D1DA483C1D5A5BCE00D74063 /* LaunchScreen.storyboard */,
				D1DA483F1D5A5BCE00D74063 /* Info.plist */,
				60C24DBFCF50667C8AB10706 /* Pods */,
				D1DA48371D5A5BCE00D74063 /* GreenTech.xcdatamodeld */,
				D19562F61D623BDE00D9727E /* GoogleService-Info.plist */,
			);
			name = Resources;
			sourceTree = "<group>";
		};
		D19527631D5CE5500031BF13 /* Model */ = {
			isa = PBXGroup;
			children = (
				D18FE3061D8E35F700245845 /* VerifyConnection.swift */,
				D1E66AF11D8D9302007D1A10 /* MilkInfo.swift */,
				2A2DD1901D999E3C009A0C67 /* CalendarColor.swift */,
				2A2DD1921D99A10C009A0C67 /* Constraint.swift */,
				CA831B2D1DA6D5C8003B64AE /* MonthInfo.swift */,
			);
			name = Model;
			sourceTree = "<group>";
		};
		D19527641D5CE5590031BF13 /* View */ = {
			isa = PBXGroup;
			children = (
				CA5B7E991DA5892F00F66A6F /* BottonCornerView.swift */,
				D1E66AF31D8D93F2007D1A10 /* MilkTableViewCell.swift */,
				CAF3D5641D9DA8A2006A879C /* GraphicsTableViewCell.swift */,
			);
			name = View;
			sourceTree = "<group>";
		};
		D19527651D5CE55F0031BF13 /* Controller */ = {
			isa = PBXGroup;
			children = (
				D161EF521D90E58400004ED8 /* SettingsViewController.swift */,
				D18FE30C1D8F062000245845 /* CalendarMilkViewController.swift */,
				D1E9C3B71D5E62B100A45FC7 /* ResetPasswordViewController.swift */,
				D1DA48321D5A5BCE00D74063 /* AuthenticationViewController.swift */,
				D1C1733E1D81D29800230D31 /* CreateAccountViewController.swift */,
				D15C04131D81EBEC00871F52 /* SaveImageViewController.swift */,
				CAF3D5621D9D84D8006A879C /* MilkViewController.swift */,
				CAF3D58A1D9EF3D1006A879C /* ChartsViewController.swift */,
			);
			name = Controller;
			sourceTree = "<group>";
		};
		D1B9C19E1D81ED9400D2C20E /* Extensions */ = {
			isa = PBXGroup;
			children = (
				D1B9C19F1D81EDA900D2C20E /* UIImageExtension.swift */,
				CA4CAB521D94C637006F8119 /* ViewBorderExtencion.swift */,
			);
			name = Extensions;
			sourceTree = "<group>";
		};
		D1DA48241D5A5BCE00D74063 = {
			isa = PBXGroup;
			children = (
				D1DA482F1D5A5BCE00D74063 /* GreenTech */,
				D1DA48471D5A5BCE00D74063 /* GreenTechTests */,
				D1DA482E1D5A5BCE00D74063 /* Products */,
				A85F6AA249F007A07BFA9681 /* Frameworks */,
				28CE277521F4D5D468D541F4 /* Pods */,
			);
			sourceTree = "<group>";
		};
		D1DA482E1D5A5BCE00D74063 /* Products */ = {
			isa = PBXGroup;
			children = (
				D1DA482D1D5A5BCE00D74063 /* GreenTech.app */,
			);
			name = Products;
			sourceTree = "<group>";
		};
		D1DA482F1D5A5BCE00D74063 /* GreenTech */ = {
			isa = PBXGroup;
			children = (
				D16A5AC91D8DA905009E2A94 /* GreenTech.entitlements */,
				D1DA48341D5A5BCE00D74063 /* Main.storyboard */,
				CA11C5591DA2E1B4003183B4 /* Charts.xcodeproj */,
				D1B9C19E1D81ED9400D2C20E /* Extensions */,
				D19527651D5CE55F0031BF13 /* Controller */,
				D19527641D5CE5590031BF13 /* View */,
				D19527631D5CE5500031BF13 /* Model */,
				D19527621D5CE4A20031BF13 /* Resources */,
				D19527571D5CE3AF0031BF13 /* Persistance */,
			);
			path = GreenTech;
			sourceTree = "<group>";
		};
		D1DA48471D5A5BCE00D74063 /* GreenTechTests */ = {
			isa = PBXGroup;
			children = (
				D1DA484A1D5A5BCE00D74063 /* Info.plist */,
			);
			path = GreenTechTests;
			sourceTree = "<group>";
		};
/* End PBXGroup section */

/* Begin PBXNativeTarget section */
		D1DA482C1D5A5BCE00D74063 /* GreenTech */ = {
			isa = PBXNativeTarget;
			buildConfigurationList = D1DA484D1D5A5BCE00D74063 /* Build configuration list for PBXNativeTarget "GreenTech" */;
			buildPhases = (
				539AB7BC392AA50EC83D6484 /* [CP] Check Pods Manifest.lock */,
				42B3BA9FD2A5C9F1493C6E0A /* [CP] Check Pods Manifest.lock */,
				D1DA48291D5A5BCE00D74063 /* Sources */,
				D1DA482A1D5A5BCE00D74063 /* Frameworks */,
				D1DA482B1D5A5BCE00D74063 /* Resources */,
				372457C28A163BB1DC1D7E4D /* [CP] Embed Pods Frameworks */,
				4A55AB0C4A9564662085808A /* [CP] Copy Pods Resources */,
				58FE924F65D47740E0C4911F /* 📦 Embed Pods Frameworks */,
				F41BBFD9423660CA9E9AB8C2 /* 📦 Copy Pods Resources */,
				CAF3D5871D9EF287006A879C /* Embed Frameworks */,
			);
			buildRules = (
			);
			dependencies = (
				CA11C5681DA2E1C9003183B4 /* PBXTargetDependency */,
			);
			name = GreenTech;
			productName = GreenTech;
			productReference = D1DA482D1D5A5BCE00D74063 /* GreenTech.app */;
			productType = "com.apple.product-type.application";
		};
/* End PBXNativeTarget section */

/* Begin PBXProject section */
		D1DA48251D5A5BCE00D74063 /* Project object */ = {
			isa = PBXProject;
			attributes = {
				LastSwiftUpdateCheck = 0730;
				LastUpgradeCheck = 0800;
				ORGANIZATIONNAME = HyagoHirai;
				TargetAttributes = {
					D1DA482C1D5A5BCE00D74063 = {
						CreatedOnToolsVersion = 7.3.1;
						DevelopmentTeam = BJ8A63KNJ9;
						LastSwiftMigration = 0800;
						SystemCapabilities = {
							com.apple.Keychain = {
								enabled = 1;
							};
						};
					};
				};
			};
			buildConfigurationList = D1DA48281D5A5BCE00D74063 /* Build configuration list for PBXProject "GreenTech" */;
			compatibilityVersion = "Xcode 3.2";
			developmentRegion = English;
			hasScannedForEncodings = 0;
			knownRegions = (
				en,
				Base,
			);
			mainGroup = D1DA48241D5A5BCE00D74063;
			productRefGroup = D1DA482E1D5A5BCE00D74063 /* Products */;
			projectDirPath = "";
			projectReferences = (
				{
					ProductGroup = CA11C55A1DA2E1B4003183B4 /* Products */;
					ProjectRef = CA11C5591DA2E1B4003183B4 /* Charts.xcodeproj */;
				},
			);
			projectRoot = "";
			targets = (
				D1DA482C1D5A5BCE00D74063 /* GreenTech */,
			);
		};
/* End PBXProject section */

/* Begin PBXReferenceProxy section */
		CA11C5601DA2E1B4003183B4 /* Charts.framework */ = {
			isa = PBXReferenceProxy;
			fileType = wrapper.framework;
			path = Charts.framework;
			remoteRef = CA11C55F1DA2E1B4003183B4 /* PBXContainerItemProxy */;
			sourceTree = BUILT_PRODUCTS_DIR;
		};
		CA11C5621DA2E1B4003183B4 /* ChartsRealm.framework */ = {
			isa = PBXReferenceProxy;
			fileType = wrapper.framework;
			path = ChartsRealm.framework;
			remoteRef = CA11C5611DA2E1B4003183B4 /* PBXContainerItemProxy */;
			sourceTree = BUILT_PRODUCTS_DIR;
		};
		CA11C5641DA2E1B4003183B4 /* ChartsTests.xctest */ = {
			isa = PBXReferenceProxy;
			fileType = wrapper.cfbundle;
			path = ChartsTests.xctest;
			remoteRef = CA11C5631DA2E1B4003183B4 /* PBXContainerItemProxy */;
			sourceTree = BUILT_PRODUCTS_DIR;
		};
/* End PBXReferenceProxy section */

/* Begin PBXResourcesBuildPhase section */
		D1DA482B1D5A5BCE00D74063 /* Resources */ = {
			isa = PBXResourcesBuildPhase;
			buildActionMask = 2147483647;
			files = (
				D1DA483E1D5A5BCE00D74063 /* LaunchScreen.storyboard in Resources */,
				D1DA483B1D5A5BCE00D74063 /* Assets.xcassets in Resources */,
				D19562F71D623BDE00D9727E /* GoogleService-Info.plist in Resources */,
				D1DA48361D5A5BCE00D74063 /* Main.storyboard in Resources */,
			);
			runOnlyForDeploymentPostprocessing = 0;
		};
/* End PBXResourcesBuildPhase section */

/* Begin PBXShellScriptBuildPhase section */
		372457C28A163BB1DC1D7E4D /* [CP] Embed Pods Frameworks */ = {
			isa = PBXShellScriptBuildPhase;
			buildActionMask = 2147483647;
			files = (
			);
			inputPaths = (
			);
			name = "[CP] Embed Pods Frameworks";
			outputPaths = (
			);
			runOnlyForDeploymentPostprocessing = 0;
			shellPath = /bin/sh;
			shellScript = "\"${SRCROOT}/Pods/Target Support Files/Pods-GreenTech/Pods-GreenTech-frameworks.sh\"\n";
			showEnvVarsInLog = 0;
		};
		42B3BA9FD2A5C9F1493C6E0A /* [CP] Check Pods Manifest.lock */ = {
			isa = PBXShellScriptBuildPhase;
			buildActionMask = 2147483647;
			files = (
			);
			inputPaths = (
			);
			name = "[CP] Check Pods Manifest.lock";
			outputPaths = (
			);
			runOnlyForDeploymentPostprocessing = 0;
			shellPath = /bin/sh;
			shellScript = "diff \"${PODS_ROOT}/../Podfile.lock\" \"${PODS_ROOT}/Manifest.lock\" > /dev/null\nif [[ $? != 0 ]] ; then\n    cat << EOM\nerror: The sandbox is not in sync with the Podfile.lock. Run 'pod install' or update your CocoaPods installation.\nEOM\n    exit 1\nfi\n";
			showEnvVarsInLog = 0;
		};
		4A55AB0C4A9564662085808A /* [CP] Copy Pods Resources */ = {
			isa = PBXShellScriptBuildPhase;
			buildActionMask = 2147483647;
			files = (
			);
			inputPaths = (
			);
			name = "[CP] Copy Pods Resources";
			outputPaths = (
			);
			runOnlyForDeploymentPostprocessing = 0;
			shellPath = /bin/sh;
			shellScript = "\"${SRCROOT}/Pods/Target Support Files/Pods-GreenTech/Pods-GreenTech-resources.sh\"\n";
			showEnvVarsInLog = 0;
		};
		539AB7BC392AA50EC83D6484 /* [CP] Check Pods Manifest.lock */ = {
			isa = PBXShellScriptBuildPhase;
			buildActionMask = 2147483647;
			files = (
			);
			inputPaths = (
			);
			name = "[CP] Check Pods Manifest.lock";
			outputPaths = (
			);
			runOnlyForDeploymentPostprocessing = 0;
			shellPath = /bin/sh;
			shellScript = "diff \"${PODS_ROOT}/../Podfile.lock\" \"${PODS_ROOT}/Manifest.lock\" > /dev/null\nif [[ $? != 0 ]] ; then\n    cat << EOM\nerror: The sandbox is not in sync with the Podfile.lock. Run 'pod install' or update your CocoaPods installation.\nEOM\n    exit 1\nfi\n";
			showEnvVarsInLog = 0;
		};
		58FE924F65D47740E0C4911F /* 📦 Embed Pods Frameworks */ = {
			isa = PBXShellScriptBuildPhase;
			buildActionMask = 2147483647;
			files = (
			);
			inputPaths = (
			);
			name = "📦 Embed Pods Frameworks";
			outputPaths = (
			);
			runOnlyForDeploymentPostprocessing = 0;
			shellPath = /bin/sh;
			shellScript = "\"${SRCROOT}/Pods/Target Support Files/Pods-GreenTech/Pods-GreenTech-frameworks.sh\"\n";
			showEnvVarsInLog = 0;
		};
		F41BBFD9423660CA9E9AB8C2 /* 📦 Copy Pods Resources */ = {
			isa = PBXShellScriptBuildPhase;
			buildActionMask = 2147483647;
			files = (
			);
			inputPaths = (
			);
			name = "📦 Copy Pods Resources";
			outputPaths = (
			);
			runOnlyForDeploymentPostprocessing = 0;
			shellPath = /bin/sh;
			shellScript = "\"${SRCROOT}/Pods/Target Support Files/Pods-GreenTech/Pods-GreenTech-resources.sh\"\n";
			showEnvVarsInLog = 0;
		};
/* End PBXShellScriptBuildPhase section */

/* Begin PBXSourcesBuildPhase section */
		D1DA48291D5A5BCE00D74063 /* Sources */ = {
			isa = PBXSourcesBuildPhase;
			buildActionMask = 2147483647;
			files = (
				2A2DD1931D99A10C009A0C67 /* Constraint.swift in Sources */,
				D1C1733F1D81D29800230D31 /* CreateAccountViewController.swift in Sources */,
				D1E9C3B31D5E3E9800A45FC7 /* LoginDAO.swift in Sources */,
				CA5B7E9A1DA5892F00F66A6F /* BottonCornerView.swift in Sources */,
				D1DA48331D5A5BCE00D74063 /* AuthenticationViewController.swift in Sources */,
				CAF3D5651D9DA8A2006A879C /* GraphicsTableViewCell.swift in Sources */,
				D1E9C3B21D5E3E9800A45FC7 /* LoginCD.swift in Sources */,
				D18FE30D1D8F062000245845 /* CalendarMilkViewController.swift in Sources */,
				D1E66AF21D8D9302007D1A10 /* MilkInfo.swift in Sources */,
				D15C04121D81EBC300871F52 /* FirebaseService.swift in Sources */,
				D18FE3071D8E35F700245845 /* VerifyConnection.swift in Sources */,
				D1E9C3B81D5E62B100A45FC7 /* ResetPasswordViewController.swift in Sources */,
				D1DA48311D5A5BCE00D74063 /* AppDelegate.swift in Sources */,
				D195275F1D5CE3C70031BF13 /* DataCD.swift in Sources */,
				D19527611D5CE3C70031BF13 /* DataServices.swift in Sources */,
				CAF3D5631D9D84D8006A879C /* MilkViewController.swift in Sources */,
				CA4CAB531D94C637006F8119 /* ViewBorderExtencion.swift in Sources */,
				D19527601D5CE3C70031BF13 /* DataDAO.swift in Sources */,
				D161EF531D90E58400004ED8 /* SettingsViewController.swift in Sources */,
				D15C04141D81EBEC00871F52 /* SaveImageViewController.swift in Sources */,
				D195275E1D5CE3C70031BF13 /* DatabaseManager.swift in Sources */,
				2A2DD1911D999E3C009A0C67 /* CalendarColor.swift in Sources */,
				CAF3D58B1D9EF3D1006A879C /* ChartsViewController.swift in Sources */,
				D1DA48391D5A5BCE00D74063 /* GreenTech.xcdatamodeld in Sources */,
				D1E9C3B41D5E3E9800A45FC7 /* LoginServices.swift in Sources */,
				CA831B2E1DA6D5C8003B64AE /* MonthInfo.swift in Sources */,
				D195275D1D5CE3C70031BF13 /* SQLCoordinator.swift in Sources */,
				D1B9C1A01D81EDA900D2C20E /* UIImageExtension.swift in Sources */,
				D1E66AF41D8D93F2007D1A10 /* MilkTableViewCell.swift in Sources */,
			);
			runOnlyForDeploymentPostprocessing = 0;
		};
/* End PBXSourcesBuildPhase section */

/* Begin PBXTargetDependency section */
		CA11C5681DA2E1C9003183B4 /* PBXTargetDependency */ = {
			isa = PBXTargetDependency;
			name = Charts;
			targetProxy = CA11C5671DA2E1C9003183B4 /* PBXContainerItemProxy */;
		};
/* End PBXTargetDependency section */

/* Begin PBXVariantGroup section */
		D1DA48341D5A5BCE00D74063 /* Main.storyboard */ = {
			isa = PBXVariantGroup;
			children = (
				D1DA48351D5A5BCE00D74063 /* Base */,
			);
			name = Main.storyboard;
			sourceTree = "<group>";
		};
		D1DA483C1D5A5BCE00D74063 /* LaunchScreen.storyboard */ = {
			isa = PBXVariantGroup;
			children = (
				D1DA483D1D5A5BCE00D74063 /* Base */,
			);
			name = LaunchScreen.storyboard;
			sourceTree = "<group>";
		};
/* End PBXVariantGroup section */

/* Begin XCBuildConfiguration section */
		D1DA484B1D5A5BCE00D74063 /* Debug */ = {
			isa = XCBuildConfiguration;
			buildSettings = {
				ALWAYS_SEARCH_USER_PATHS = NO;
				CLANG_ANALYZER_NONNULL = YES;
				CLANG_CXX_LANGUAGE_STANDARD = "gnu++0x";
				CLANG_CXX_LIBRARY = "libc++";
				CLANG_ENABLE_MODULES = YES;
				CLANG_ENABLE_OBJC_ARC = YES;
				CLANG_WARN_BOOL_CONVERSION = YES;
				CLANG_WARN_CONSTANT_CONVERSION = YES;
				CLANG_WARN_DIRECT_OBJC_ISA_USAGE = YES_ERROR;
				CLANG_WARN_EMPTY_BODY = YES;
				CLANG_WARN_ENUM_CONVERSION = YES;
				CLANG_WARN_INFINITE_RECURSION = YES;
				CLANG_WARN_INT_CONVERSION = YES;
				CLANG_WARN_OBJC_ROOT_CLASS = YES_ERROR;
				CLANG_WARN_SUSPICIOUS_MOVE = YES;
				CLANG_WARN_UNREACHABLE_CODE = YES;
				CLANG_WARN__DUPLICATE_METHOD_MATCH = YES;
				"CODE_SIGN_IDENTITY[sdk=iphoneos*]" = "iPhone Developer";
				COPY_PHASE_STRIP = NO;
				DEBUG_INFORMATION_FORMAT = dwarf;
				ENABLE_STRICT_OBJC_MSGSEND = YES;
				ENABLE_TESTABILITY = YES;
				GCC_C_LANGUAGE_STANDARD = gnu99;
				GCC_DYNAMIC_NO_PIC = NO;
				GCC_NO_COMMON_BLOCKS = YES;
				GCC_OPTIMIZATION_LEVEL = 0;
				GCC_PREPROCESSOR_DEFINITIONS = (
					"DEBUG=1",
					"$(inherited)",
				);
				GCC_WARN_64_TO_32_BIT_CONVERSION = YES;
				GCC_WARN_ABOUT_RETURN_TYPE = YES_ERROR;
				GCC_WARN_UNDECLARED_SELECTOR = YES;
				GCC_WARN_UNINITIALIZED_AUTOS = YES_AGGRESSIVE;
				GCC_WARN_UNUSED_FUNCTION = YES;
				GCC_WARN_UNUSED_VARIABLE = YES;
				IPHONEOS_DEPLOYMENT_TARGET = 9.3;
				MTL_ENABLE_DEBUG_INFO = YES;
				ONLY_ACTIVE_ARCH = YES;
				SDKROOT = iphoneos;
				SWIFT_OPTIMIZATION_LEVEL = "-Onone";
				SWIFT_VERSION = 2.3;
			};
			name = Debug;
		};
		D1DA484C1D5A5BCE00D74063 /* Release */ = {
			isa = XCBuildConfiguration;
			buildSettings = {
				ALWAYS_SEARCH_USER_PATHS = NO;
				CLANG_ANALYZER_NONNULL = YES;
				CLANG_CXX_LANGUAGE_STANDARD = "gnu++0x";
				CLANG_CXX_LIBRARY = "libc++";
				CLANG_ENABLE_MODULES = YES;
				CLANG_ENABLE_OBJC_ARC = YES;
				CLANG_WARN_BOOL_CONVERSION = YES;
				CLANG_WARN_CONSTANT_CONVERSION = YES;
				CLANG_WARN_DIRECT_OBJC_ISA_USAGE = YES_ERROR;
				CLANG_WARN_EMPTY_BODY = YES;
				CLANG_WARN_ENUM_CONVERSION = YES;
				CLANG_WARN_INFINITE_RECURSION = YES;
				CLANG_WARN_INT_CONVERSION = YES;
				CLANG_WARN_OBJC_ROOT_CLASS = YES_ERROR;
				CLANG_WARN_SUSPICIOUS_MOVE = YES;
				CLANG_WARN_UNREACHABLE_CODE = YES;
				CLANG_WARN__DUPLICATE_METHOD_MATCH = YES;
				"CODE_SIGN_IDENTITY[sdk=iphoneos*]" = "iPhone Developer";
				COPY_PHASE_STRIP = NO;
				DEBUG_INFORMATION_FORMAT = "dwarf-with-dsym";
				ENABLE_NS_ASSERTIONS = NO;
				ENABLE_STRICT_OBJC_MSGSEND = YES;
				GCC_C_LANGUAGE_STANDARD = gnu99;
				GCC_NO_COMMON_BLOCKS = YES;
				GCC_WARN_64_TO_32_BIT_CONVERSION = YES;
				GCC_WARN_ABOUT_RETURN_TYPE = YES_ERROR;
				GCC_WARN_UNDECLARED_SELECTOR = YES;
				GCC_WARN_UNINITIALIZED_AUTOS = YES_AGGRESSIVE;
				GCC_WARN_UNUSED_FUNCTION = YES;
				GCC_WARN_UNUSED_VARIABLE = YES;
				IPHONEOS_DEPLOYMENT_TARGET = 9.3;
				MTL_ENABLE_DEBUG_INFO = NO;
				SDKROOT = iphoneos;
				SWIFT_OPTIMIZATION_LEVEL = "-Owholemodule";
				SWIFT_VERSION = 2.3;
				VALIDATE_PRODUCT = YES;
			};
			name = Release;
		};
		D1DA484E1D5A5BCE00D74063 /* Debug */ = {
			isa = XCBuildConfiguration;
			baseConfigurationReference = D9A48A3890B3E753C76815E8 /* Pods-GreenTech.debug.xcconfig */;
			buildSettings = {
				ALWAYS_EMBED_SWIFT_STANDARD_LIBRARIES = YES;
				ASSETCATALOG_COMPILER_APPICON_NAME = AppIcon;
				CODE_SIGN_ENTITLEMENTS = GreenTech/GreenTech.entitlements;
				CODE_SIGN_IDENTITY = "iPhone Developer";
				"CODE_SIGN_IDENTITY[sdk=iphoneos*]" = "iPhone Developer";
				DEVELOPMENT_TEAM = BJ8A63KNJ9;
				INFOPLIST_FILE = GreenTech/Info.plist;
				LD_RUNPATH_SEARCH_PATHS = "$(inherited) @executable_path/Frameworks";
				PRODUCT_BUNDLE_IDENTIFIER = com.bepidCampinas.GreenTech;
				PRODUCT_NAME = "$(TARGET_NAME)";
				PROVISIONING_PROFILE = "";
				SWIFT_VERSION = 3.0;
			};
			name = Debug;
		};
		D1DA484F1D5A5BCE00D74063 /* Release */ = {
			isa = XCBuildConfiguration;
			baseConfigurationReference = 53699D72CAF44B318E870378 /* Pods-GreenTech.release.xcconfig */;
			buildSettings = {
				ALWAYS_EMBED_SWIFT_STANDARD_LIBRARIES = YES;
				ASSETCATALOG_COMPILER_APPICON_NAME = AppIcon;
				CODE_SIGN_ENTITLEMENTS = GreenTech/GreenTech.entitlements;
				CODE_SIGN_IDENTITY = "iPhone Developer";
				"CODE_SIGN_IDENTITY[sdk=iphoneos*]" = "iPhone Developer";
				DEVELOPMENT_TEAM = BJ8A63KNJ9;
				INFOPLIST_FILE = GreenTech/Info.plist;
				LD_RUNPATH_SEARCH_PATHS = "$(inherited) @executable_path/Frameworks";
				PRODUCT_BUNDLE_IDENTIFIER = com.bepidCampinas.GreenTech;
				PRODUCT_NAME = "$(TARGET_NAME)";
				PROVISIONING_PROFILE = "";
				SWIFT_VERSION = 3.0;
			};
			name = Release;
		};
/* End XCBuildConfiguration section */

/* Begin XCConfigurationList section */
		D1DA48281D5A5BCE00D74063 /* Build configuration list for PBXProject "GreenTech" */ = {
			isa = XCConfigurationList;
			buildConfigurations = (
				D1DA484B1D5A5BCE00D74063 /* Debug */,
				D1DA484C1D5A5BCE00D74063 /* Release */,
			);
			defaultConfigurationIsVisible = 0;
			defaultConfigurationName = Release;
		};
		D1DA484D1D5A5BCE00D74063 /* Build configuration list for PBXNativeTarget "GreenTech" */ = {
			isa = XCConfigurationList;
			buildConfigurations = (
				D1DA484E1D5A5BCE00D74063 /* Debug */,
				D1DA484F1D5A5BCE00D74063 /* Release */,
			);
			defaultConfigurationIsVisible = 0;
			defaultConfigurationName = Release;
		};
/* End XCConfigurationList section */

/* Begin XCVersionGroup section */
		D1DA48371D5A5BCE00D74063 /* GreenTech.xcdatamodeld */ = {
			isa = XCVersionGroup;
			children = (
				D1DA48381D5A5BCE00D74063 /* GreenTech.xcdatamodel */,
			);
			currentVersion = D1DA48381D5A5BCE00D74063 /* GreenTech.xcdatamodel */;
			path = GreenTech.xcdatamodeld;
			sourceTree = "<group>";
			versionGroupType = wrapper.xcdatamodel;
		};
/* End XCVersionGroup section */
	};
	rootObject = D1DA48251D5A5BCE00D74063 /* Project object */;
}
